// !$*UTF8*$!
{
	archiveVersion = 1;
	classes = {
	};
	objectVersion = 42;
	objects = {

/* Begin PBXBuildFile section */
		89F5C9260797EE1500BA5F19 /* atsui.c in Sources */ = {isa = PBXBuildFile; fileRef = 89F5C91A0797EE1500BA5F19 /* atsui.c */; };
		89F5C9270797EE1500BA5F19 /* fontmenu.c in Sources */ = {isa = PBXBuildFile; fileRef = 89F5C91C0797EE1500BA5F19 /* fontmenu.c */; };
		89F5C9280797EE1500BA5F19 /* globals.c in Sources */ = {isa = PBXBuildFile; fileRef = 89F5C91E0797EE1500BA5F19 /* globals.c */; };
		89F5C9290797EE1500BA5F19 /* main.c in Sources */ = {isa = PBXBuildFile; fileRef = 89F5C9200797EE1500BA5F19 /* main.c */; };
		89F5C92A0797EE1500BA5F19 /* print.c in Sources */ = {isa = PBXBuildFile; fileRef = 89F5C9220797EE1500BA5F19 /* print.c */; };
		89F5C92B0797EE1500BA5F19 /* window.c in Sources */ = {isa = PBXBuildFile; fileRef = 89F5C9240797EE1500BA5F19 /* window.c */; };
		89F5C92D0797EE4000BA5F19 /* ReadMe.rtf in Resources */ = {isa = PBXBuildFile; fileRef = 89F5C92C0797EE4000BA5F19 /* ReadMe.rtf */; };
		8D0C4E8D0486CD37000505A6 /* InfoPlist.strings in Resources */ = {isa = PBXBuildFile; fileRef = 0867D6AAFE840B52C02AAC07 /* InfoPlist.strings */; };
		8D0C4E8E0486CD37000505A6 /* main.nib in Resources */ = {isa = PBXBuildFile; fileRef = 02345980000FD03B11CA0E72 /* main.nib */; };
		8D0C4E920486CD37000505A6 /* Carbon.framework in Frameworks */ = {isa = PBXBuildFile; fileRef = 20286C33FDCF999611CA2CEA /* Carbon.framework */; };
/* End PBXBuildFile section */

/* Begin PBXFileReference section */
		0867D6ABFE840B52C02AAC07 /* English */ = {isa = PBXFileReference; fileEncoding = 10; lastKnownFileType = text.plist.strings; name = English; path = English.lproj/InfoPlist.strings; sourceTree = "<group>"; };
		1870340FFE93FCAF11CA0CD7 /* English */ = {isa = PBXFileReference; lastKnownFileType = wrapper.nib; name = English; path = English.lproj/main.nib; sourceTree = "<group>"; };
		20286C33FDCF999611CA2CEA /* Carbon.framework */ = {isa = PBXFileReference; lastKnownFileType = wrapper.framework; name = Carbon.framework; path = /System/Library/Frameworks/Carbon.framework; sourceTree = "<absolute>"; };
		32DBCF6D0370B57F00C91783 /* SyntheticBoldDemo_Prefix.pch */ = {isa = PBXFileReference; fileEncoding = 4; lastKnownFileType = sourcecode.c.h; path = SyntheticBoldDemo_Prefix.pch; sourceTree = "<group>"; };
		4A9504C8FFE6A3BC11CA0CBA /* ApplicationServices.framework */ = {isa = PBXFileReference; lastKnownFileType = wrapper.framework; name = ApplicationServices.framework; path = /System/Library/Frameworks/ApplicationServices.framework; sourceTree = "<absolute>"; };
		4A9504CAFFE6A41611CA0CBA /* CoreServices.framework */ = {isa = PBXFileReference; lastKnownFileType = wrapper.framework; name = CoreServices.framework; path = /System/Library/Frameworks/CoreServices.framework; sourceTree = "<absolute>"; };
		89F5C91A0797EE1500BA5F19 /* atsui.c */ = {isa = PBXFileReference; fileEncoding = 30; lastKnownFileType = sourcecode.c.c; path = atsui.c; sourceTree = "<group>"; };
		89F5C91B0797EE1500BA5F19 /* atsui.h */ = {isa = PBXFileReference; fileEncoding = 30; lastKnownFileType = sourcecode.c.h; path = atsui.h; sourceTree = "<group>"; };
		89F5C91C0797EE1500BA5F19 /* fontmenu.c */ = {isa = PBXFileReference; fileEncoding = 30; lastKnownFileType = sourcecode.c.c; path = fontmenu.c; sourceTree = "<group>"; };
		89F5C91D0797EE1500BA5F19 /* fontmenu.h */ = {isa = PBXFileReference; fileEncoding = 30; lastKnownFileType = sourcecode.c.h; path = fontmenu.h; sourceTree = "<group>"; };
		89F5C91E0797EE1500BA5F19 /* globals.c */ = {isa = PBXFileReference; fileEncoding = 30; lastKnownFileType = sourcecode.c.c; path = globals.c; sourceTree = "<group>"; };
		89F5C91F0797EE1500BA5F19 /* globals.h */ = {isa = PBXFileReference; fileEncoding = 30; lastKnownFileType = sourcecode.c.h; path = globals.h; sourceTree = "<group>"; };
		89F5C9200797EE1500BA5F19 /* main.c */ = {isa = PBXFileReference; fileEncoding = 30; lastKnownFileType = sourcecode.c.c; path = main.c; sourceTree = "<group>"; };
		89F5C9210797EE1500BA5F19 /* main.h */ = {isa = PBXFileReference; fileEncoding = 30; lastKnownFileType = sourcecode.c.h; path = main.h; sourceTree = "<group>"; };
		89F5C9220797EE1500BA5F19 /* print.c */ = {isa = PBXFileReference; fileEncoding = 30; lastKnownFileType = sourcecode.c.c; path = print.c; sourceTree = "<group>"; };
		89F5C9230797EE1500BA5F19 /* print.h */ = {isa = PBXFileReference; fileEncoding = 30; lastKnownFileType = sourcecode.c.h; path = print.h; sourceTree = "<group>"; };
		89F5C9240797EE1500BA5F19 /* window.c */ = {isa = PBXFileReference; fileEncoding = 30; lastKnownFileType = sourcecode.c.c; path = window.c; sourceTree = "<group>"; };
		89F5C9250797EE1500BA5F19 /* window.h */ = {isa = PBXFileReference; fileEncoding = 30; lastKnownFileType = sourcecode.c.h; path = window.h; sourceTree = "<group>"; };
		89F5C92C0797EE4000BA5F19 /* ReadMe.rtf */ = {isa = PBXFileReference; lastKnownFileType = text.rtf; path = ReadMe.rtf; sourceTree = "<group>"; };
		8D0C4E960486CD37000505A6 /* Info.plist */ = {isa = PBXFileReference; fileEncoding = 4; lastKnownFileType = text.plist; path = Info.plist; sourceTree = "<group>"; };
		8D0C4E970486CD37000505A6 /* SyntheticBoldDemo.app */ = {isa = PBXFileReference; explicitFileType = wrapper.application; includeInIndex = 0; path = SyntheticBoldDemo.app; sourceTree = BUILT_PRODUCTS_DIR; };
/* End PBXFileReference section */

/* Begin PBXFrameworksBuildPhase section */
		8D0C4E910486CD37000505A6 /* Frameworks */ = {
			isa = PBXFrameworksBuildPhase;
			buildActionMask = 2147483647;
			files = (
				8D0C4E920486CD37000505A6 /* Carbon.framework in Frameworks */,
			);
			runOnlyForDeploymentPostprocessing = 0;
		};
/* End PBXFrameworksBuildPhase section */

/* Begin PBXGroup section */
		195DF8CFFE9D517E11CA2CBB /* Products */ = {
			isa = PBXGroup;
			children = (
				8D0C4E970486CD37000505A6 /* SyntheticBoldDemo.app */,
			);
			name = Products;
			sourceTree = "<group>";
		};
		20286C29FDCF999611CA2CEA /* SyntheticBoldDemo */ = {
			isa = PBXGroup;
			children = (
				89F5C92C0797EE4000BA5F19 /* ReadMe.rtf */,
				20286C2AFDCF999611CA2CEA /* Sources */,
				20286C2CFDCF999611CA2CEA /* Resources */,
				20286C32FDCF999611CA2CEA /* External Frameworks and Libraries */,
				195DF8CFFE9D517E11CA2CBB /* Products */,
			);
			name = SyntheticBoldDemo;
			sourceTree = "<group>";
		};
		20286C2AFDCF999611CA2CEA /* Sources */ = {
			isa = PBXGroup;
			children = (
				32DBCF6D0370B57F00C91783 /* SyntheticBoldDemo_Prefix.pch */,
				89F5C91A0797EE1500BA5F19 /* atsui.c */,
				89F5C91B0797EE1500BA5F19 /* atsui.h */,
				89F5C91C0797EE1500BA5F19 /* fontmenu.c */,
				89F5C91D0797EE1500BA5F19 /* fontmenu.h */,
				89F5C91E0797EE1500BA5F19 /* globals.c */,
				89F5C91F0797EE1500BA5F19 /* globals.h */,
				89F5C9200797EE1500BA5F19 /* main.c */,
				89F5C9210797EE1500BA5F19 /* main.h */,
				89F5C9220797EE1500BA5F19 /* print.c */,
				89F5C9230797EE1500BA5F19 /* print.h */,
				89F5C9240797EE1500BA5F19 /* window.c */,
				89F5C9250797EE1500BA5F19 /* window.h */,
			);
			name = Sources;
			sourceTree = "<group>";
		};
		20286C2CFDCF999611CA2CEA /* Resources */ = {
			isa = PBXGroup;
			children = (
				8D0C4E960486CD37000505A6 /* Info.plist */,
				0867D6AAFE840B52C02AAC07 /* InfoPlist.strings */,
				02345980000FD03B11CA0E72 /* main.nib */,
			);
			name = Resources;
			sourceTree = "<group>";
		};
		20286C32FDCF999611CA2CEA /* External Frameworks and Libraries */ = {
			isa = PBXGroup;
			children = (
				20286C33FDCF999611CA2CEA /* Carbon.framework */,
				4A9504CAFFE6A41611CA0CBA /* CoreServices.framework */,
				4A9504C8FFE6A3BC11CA0CBA /* ApplicationServices.framework */,
			);
			name = "External Frameworks and Libraries";
			sourceTree = "<group>";
		};
/* End PBXGroup section */

/* Begin PBXNativeTarget section */
		8D0C4E890486CD37000505A6 /* SyntheticBoldDemo */ = {
			isa = PBXNativeTarget;
			buildConfigurationList = BEB2648F0C502FDF00746AD1 /* Build configuration list for PBXNativeTarget "SyntheticBoldDemo" */;
			buildPhases = (
				8D0C4E8C0486CD37000505A6 /* Resources */,
				8D0C4E8F0486CD37000505A6 /* Sources */,
				8D0C4E910486CD37000505A6 /* Frameworks */,
				8947960B079FC10D00E761A0 /* ShellScript */,
			);
			buildRules = (
			);
			dependencies = (
			);
			name = SyntheticBoldDemo;
			productInstallPath = "$(HOME)/Applications";
			productName = SyntheticBoldDemo;
			productReference = 8D0C4E970486CD37000505A6 /* SyntheticBoldDemo.app */;
			productType = "com.apple.product-type.application";
		};
/* End PBXNativeTarget section */

/* Begin PBXProject section */
		20286C28FDCF999611CA2CEA /* Project object */ = {
			isa = PBXProject;
			buildConfigurationList = BEB264930C502FDF00746AD1 /* Build configuration list for PBXProject "SyntheticBoldDemo" */;
			hasScannedForEncodings = 1;
			mainGroup = 20286C29FDCF999611CA2CEA /* SyntheticBoldDemo */;
			projectDirPath = "";
			targets = (
				8D0C4E890486CD37000505A6 /* SyntheticBoldDemo */,
			);
		};
/* End PBXProject section */

/* Begin PBXResourcesBuildPhase section */
		8D0C4E8C0486CD37000505A6 /* Resources */ = {
			isa = PBXResourcesBuildPhase;
			buildActionMask = 2147483647;
			files = (
				8D0C4E8D0486CD37000505A6 /* InfoPlist.strings in Resources */,
				8D0C4E8E0486CD37000505A6 /* main.nib in Resources */,
				89F5C92D0797EE4000BA5F19 /* ReadMe.rtf in Resources */,
			);
			runOnlyForDeploymentPostprocessing = 0;
		};
/* End PBXResourcesBuildPhase section */

/* Begin PBXShellScriptBuildPhase section */
		8947960B079FC10D00E761A0 /* ShellScript */ = {
			isa = PBXShellScriptBuildPhase;
			buildActionMask = 8;
			files = (
			);
			inputPaths = (
			);
			outputPaths = (
			);
			runOnlyForDeploymentPostprocessing = 1;
			shellPath = /bin/tcsh;
			shellScript = "xcodebuild installsrc SRCROOT=$DSTROOT/Developer/Examples/ATSUI/Synthetic\\ Bold\n/bin/rm -rf $DSTROOT/Developer/Examples/ATSUI/Synthetic\\ Bold/build/\n/usr/sbin/chown root:wheel $DSTROOT/Developer/Examples/ATSUI/Synthetic\\ Bold/*\n";
		};
/* End PBXShellScriptBuildPhase section */

/* Begin PBXSourcesBuildPhase section */
		8D0C4E8F0486CD37000505A6 /* Sources */ = {
			isa = PBXSourcesBuildPhase;
			buildActionMask = 2147483647;
			files = (
				89F5C9260797EE1500BA5F19 /* atsui.c in Sources */,
				89F5C9270797EE1500BA5F19 /* fontmenu.c in Sources */,
				89F5C9280797EE1500BA5F19 /* globals.c in Sources */,
				89F5C9290797EE1500BA5F19 /* main.c in Sources */,
				89F5C92A0797EE1500BA5F19 /* print.c in Sources */,
				89F5C92B0797EE1500BA5F19 /* window.c in Sources */,
			);
			runOnlyForDeploymentPostprocessing = 0;
		};
/* End PBXSourcesBuildPhase section */

/* Begin PBXVariantGroup section */
		02345980000FD03B11CA0E72 /* main.nib */ = {
			isa = PBXVariantGroup;
			children = (
				1870340FFE93FCAF11CA0CD7 /* English */,
			);
			name = main.nib;
			sourceTree = "<group>";
		};
		0867D6AAFE840B52C02AAC07 /* InfoPlist.strings */ = {
			isa = PBXVariantGroup;
			children = (
				0867D6ABFE840B52C02AAC07 /* English */,
			);
			name = InfoPlist.strings;
			sourceTree = "<group>";
		};
/* End PBXVariantGroup section */

/* Begin XCBuildConfiguration section */
		BEB264900C502FDF00746AD1 /* Development */ = {
			isa = XCBuildConfiguration;
			buildSettings = {
				COPY_PHASE_STRIP = NO;
				GCC_DYNAMIC_NO_PIC = NO;
				GCC_ENABLE_FIX_AND_CONTINUE = YES;
				GCC_GENERATE_DEBUGGING_SYMBOLS = YES;
				GCC_OPTIMIZATION_LEVEL = 0;
				GCC_PRECOMPILE_PREFIX_HEADER = YES;
				GCC_PREFIX_HEADER = SyntheticBoldDemo_Prefix.pch;
				INFOPLIST_FILE = Info.plist;
				PREBINDING = NO;
				PRODUCT_NAME = SyntheticBoldDemo;
				SKIP_INSTALL = YES;
				WRAPPER_EXTENSION = app;
				ZERO_LINK = YES;
			};
			name = Development;
		};
		BEB264910C502FDF00746AD1 /* Deployment */ = {
			isa = XCBuildConfiguration;
			buildSettings = {
				COPY_PHASE_STRIP = YES;
				GCC_ENABLE_FIX_AND_CONTINUE = NO;
				GCC_GENERATE_DEBUGGING_SYMBOLS = NO;
				GCC_PRECOMPILE_PREFIX_HEADER = YES;
				GCC_PREFIX_HEADER = SyntheticBoldDemo_Prefix.pch;
				INFOPLIST_FILE = Info.plist;
				PREBINDING = NO;
				PRODUCT_NAME = SyntheticBoldDemo;
				SKIP_INSTALL = YES;
				WRAPPER_EXTENSION = app;
				ZERO_LINK = NO;
			};
			name = Deployment;
		};
		BEB264920C502FDF00746AD1 /* Default */ = {
			isa = XCBuildConfiguration;
			buildSettings = {
				GCC_GENERATE_DEBUGGING_SYMBOLS = NO;
				GCC_PRECOMPILE_PREFIX_HEADER = YES;
				GCC_PREFIX_HEADER = SyntheticBoldDemo_Prefix.pch;
				INFOPLIST_FILE = Info.plist;
				PRODUCT_NAME = SyntheticBoldDemo;
				SKIP_INSTALL = YES;
				WRAPPER_EXTENSION = app;
			};
			name = Default;
		};
		BEB264940C502FDF00746AD1 /* Development */ = {
			isa = XCBuildConfiguration;
			buildSettings = {
				MACOSX_DEPLOYMENT_TARGET = 10.4;
				SDKROOT = /Developer/SDKs/MacOSX10.4u.sdk;
			};
			name = Development;
		};
		BEB264950C502FDF00746AD1 /* Deployment */ = {
			isa = XCBuildConfiguration;
			buildSettings = {
				MACOSX_DEPLOYMENT_TARGET = 10.4;
				SDKROOT = /Developer/SDKs/MacOSX10.4u.sdk;
			};
			name = Deployment;
		};
		BEB264960C502FDF00746AD1 /* Default */ = {
			isa = XCBuildConfiguration;
			buildSettings = {
				MACOSX_DEPLOYMENT_TARGET = 10.4;
				SDKROOT = /Developer/SDKs/MacOSX10.4u.sdk;
			};
			name = Default;
		};
/* End XCBuildConfiguration section */

/* Begin XCConfigurationList section */
		BEB2648F0C502FDF00746AD1 /* Build configuration list for PBXNativeTarget "SyntheticBoldDemo" */ = {
			isa = XCConfigurationList;
			buildConfigurations = (
				BEB264900C502FDF00746AD1 /* Development */,
				BEB264910C502FDF00746AD1 /* Deployment */,
				BEB264920C502FDF00746AD1 /* Default */,
			);
			defaultConfigurationIsVisible = 0;
			defaultConfigurationName = Default;
		};
		BEB264930C502FDF00746AD1 /* Build configuration list for PBXProject "SyntheticBoldDemo" */ = {
			isa = XCConfigurationList;
			buildConfigurations = (
				BEB264940C502FDF00746AD1 /* Development */,
				BEB264950C502FDF00746AD1 /* Deployment */,
				BEB264960C502FDF00746AD1 /* Default */,
			);
			defaultConfigurationIsVisible = 0;
			defaultConfigurationName = Default;
		};
/* End XCConfigurationList section */
	};
	rootObject = 20286C28FDCF999611CA2CEA /* Project object */;
}
